
Microsoft Visual Studio Solution File, Format Version 12.00
# Visual Studio Version 16
VisualStudioVersion = 16.0.29409.12
MinimumVisualStudioVersion = 10.0.40219.1
Project("{FAE04EC0-301F-11D3-BF4B-00C04F79EFBC}") = "Hackathon", "Hackathon.csproj", "{4FAD8ADF-0A03-4089-ABD7-F09D460787DD}"
EndProject
Global
	GlobalSection(SolutionConfigurationPlatforms) = preSolution
		Debug|Any CPU = Debug|Any CPU
		Release|Any CPU = Release|Any CPU
	EndGlobalSection
	GlobalSection(ProjectConfigurationPlatforms) = postSolution
		{4FAD8ADF-0A03-4089-ABD7-F09D460787DD}.Debug|Any CPU.ActiveCfg = Debug|Any CPU
		{4FAD8ADF-0A03-4089-ABD7-F09D460787DD}.Debug|Any CPU.Build.0 = Debug|Any CPU
		{4FAD8ADF-0A03-4089-ABD7-F09D460787DD}.Release|Any CPU.ActiveCfg = Release|Any CPU
		{4FAD8ADF-0A03-4089-ABD7-F09D460787DD}.Release|Any CPU.Build.0 = Release|Any CPU
	EndGlobalSection
	GlobalSection(SolutionProperties) = preSolution
		HideSolutionNode = FALSE
	EndGlobalSection
	GlobalSection(ExtensibilityGlobals) = postSolution
		SolutionGuid = {0B7A6370-9B30-449D-A90C-BBF2D5BF84D6}
	EndGlobalSection
EndGlobal
